
Microsoft Visual Studio Solution File, Format Version 12.00
# Visual Studio 15
VisualStudioVersion = 15.0.28307.757
MinimumVisualStudioVersion = 10.0.40219.1
Project("{9A19103F-16F7-4668-BE54-9A1E7A4F7556}") = "Senai.OpFlix.WebApi", "Senai.OpFlix.WebApi\Senai.OpFlix.WebApi.csproj", "{ABD9626C-36AC-425F-A0B8-A3EC4D26B546}"
EndProject
Global
	GlobalSection(SolutionConfigurationPlatforms) = preSolution
		Debug|Any CPU = Debug|Any CPU
		Release|Any CPU = Release|Any CPU
	EndGlobalSection
	GlobalSection(ProjectConfigurationPlatforms) = postSolution
		{ABD9626C-36AC-425F-A0B8-A3EC4D26B546}.Debug|Any CPU.ActiveCfg = Debug|Any CPU
		{ABD9626C-36AC-425F-A0B8-A3EC4D26B546}.Debug|Any CPU.Build.0 = Debug|Any CPU
		{ABD9626C-36AC-425F-A0B8-A3EC4D26B546}.Release|Any CPU.ActiveCfg = Release|Any CPU
		{ABD9626C-36AC-425F-A0B8-A3EC4D26B546}.Release|Any CPU.Build.0 = Release|Any CPU
	EndGlobalSection
	GlobalSection(SolutionProperties) = preSolution
		HideSolutionNode = FALSE
	EndGlobalSection
	GlobalSection(ExtensibilityGlobals) = postSolution
		SolutionGuid = {9E246AA1-91B8-452B-8925-B2F60CC0C674}
	EndGlobalSection
EndGlobal
